
Microsoft Visual Studio Solution File, Format Version 12.00
# Visual Studio Version 17
VisualStudioVersion = 17.3.32929.385
MinimumVisualStudioVersion = 10.0.40219.1
Project("{FAE04EC0-301F-11D3-BF4B-00C04F79EFBC}") = "EmployeWageProject", "EmployeWageProject.csproj", "{7C96B4D7-5F87-46B1-B5FF-3B6B2184F9FD}"
EndProject
Global
	GlobalSection(SolutionConfigurationPlatforms) = preSolution
		Debug|Any CPU = Debug|Any CPU
		Release|Any CPU = Release|Any CPU
	EndGlobalSection
	GlobalSection(ProjectConfigurationPlatforms) = postSolution
		{7C96B4D7-5F87-46B1-B5FF-3B6B2184F9FD}.Debug|Any CPU.ActiveCfg = Debug|Any CPU
		{7C96B4D7-5F87-46B1-B5FF-3B6B2184F9FD}.Debug|Any CPU.Build.0 = Debug|Any CPU
		{7C96B4D7-5F87-46B1-B5FF-3B6B2184F9FD}.Release|Any CPU.ActiveCfg = Release|Any CPU
		{7C96B4D7-5F87-46B1-B5FF-3B6B2184F9FD}.Release|Any CPU.Build.0 = Release|Any CPU
	EndGlobalSection
	GlobalSection(SolutionProperties) = preSolution
		HideSolutionNode = FALSE
	EndGlobalSection
	GlobalSection(ExtensibilityGlobals) = postSolution
		SolutionGuid = {33358837-6E18-417E-B9CA-A156FE24802B}
	EndGlobalSection
EndGlobal
